// !$*UTF8*$!
{
	archiveVersion = 1;
	classes = {
	};
	objectVersion = 50;
	objects = {

/* Begin PBXBuildFile section */
		9F22031A2391633B00C11F47 /* Antioch.h in Headers */ = {isa = PBXBuildFile; fileRef = 9F2203182391633B00C11F47 /* Antioch.h */; settings = {ATTRIBUTES = (Public, ); }; };
		9F22034E239163E200C11F47 /* EditorialNotes.swift in Sources */ = {isa = PBXBuildFile; fileRef = 9F220337239163E200C11F47 /* EditorialNotes.swift */; };
		9F22034F239163E200C11F47 /* Rating.swift in Sources */ = {isa = PBXBuildFile; fileRef = 9F220338239163E200C11F47 /* Rating.swift */; };
		9F220350239163E200C11F47 /* LibrarySong.swift in Sources */ = {isa = PBXBuildFile; fileRef = 9F220339239163E200C11F47 /* LibrarySong.swift */; };
		9F220351239163E200C11F47 /* CatalogArtist.swift in Sources */ = {isa = PBXBuildFile; fileRef = 9F22033A239163E200C11F47 /* CatalogArtist.swift */; };
		9F220352239163E200C11F47 /* LibraryPlaylist.swift in Sources */ = {isa = PBXBuildFile; fileRef = 9F22033B239163E200C11F47 /* LibraryPlaylist.swift */; };
		9F220353239163E200C11F47 /* PlayParameters.swift in Sources */ = {isa = PBXBuildFile; fileRef = 9F22033C239163E200C11F47 /* PlayParameters.swift */; };
		9F220354239163E200C11F47 /* RadioStation.swift in Sources */ = {isa = PBXBuildFile; fileRef = 9F22033D239163E200C11F47 /* RadioStation.swift */; };
		9F220355239163E200C11F47 /* Chart.swift in Sources */ = {isa = PBXBuildFile; fileRef = 9F22033E239163E200C11F47 /* Chart.swift */; };
		9F220356239163E200C11F47 /* CatalogAlbum.swift in Sources */ = {isa = PBXBuildFile; fileRef = 9F22033F239163E200C11F47 /* CatalogAlbum.swift */; };
		9F220357239163E200C11F47 /* ResponseRoot.swift in Sources */ = {isa = PBXBuildFile; fileRef = 9F220340239163E200C11F47 /* ResponseRoot.swift */; };
		9F220358239163E200C11F47 /* Resource.swift in Sources */ = {isa = PBXBuildFile; fileRef = 9F220341239163E200C11F47 /* Resource.swift */; };
		9F220359239163E200C11F47 /* AppleMusicItemType.swift in Sources */ = {isa = PBXBuildFile; fileRef = 9F220342239163E200C11F47 /* AppleMusicItemType.swift */; };
		9F22035A239163E200C11F47 /* CatalogPlaylist.swift in Sources */ = {isa = PBXBuildFile; fileRef = 9F220343239163E200C11F47 /* CatalogPlaylist.swift */; };
		9F22035B239163E200C11F47 /* Recommendation.swift in Sources */ = {isa = PBXBuildFile; fileRef = 9F220344239163E200C11F47 /* Recommendation.swift */; };
		9F22035C239163E200C11F47 /* Artwork.swift in Sources */ = {isa = PBXBuildFile; fileRef = 9F220345239163E200C11F47 /* Artwork.swift */; };
		9F22035D239163E200C11F47 /* CatalogSong.swift in Sources */ = {isa = PBXBuildFile; fileRef = 9F220346239163E200C11F47 /* CatalogSong.swift */; };
		9F22035E239163E200C11F47 /* Curator.swift in Sources */ = {isa = PBXBuildFile; fileRef = 9F220347239163E200C11F47 /* Curator.swift */; };
		9F22035F239163E200C11F47 /* SearchHints.swift in Sources */ = {isa = PBXBuildFile; fileRef = 9F220348239163E200C11F47 /* SearchHints.swift */; };
		9F220360239163E200C11F47 /* LibraryAlbum.swift in Sources */ = {isa = PBXBuildFile; fileRef = 9F220349239163E200C11F47 /* LibraryAlbum.swift */; };
		9F220361239163E200C11F47 /* LibraryArtist.swift in Sources */ = {isa = PBXBuildFile; fileRef = 9F22034A239163E200C11F47 /* LibraryArtist.swift */; };
		9F220362239163E200C11F47 /* Relationship.swift in Sources */ = {isa = PBXBuildFile; fileRef = 9F22034B239163E200C11F47 /* Relationship.swift */; };
		9F220363239163E200C11F47 /* AppleMusicError.swift in Sources */ = {isa = PBXBuildFile; fileRef = 9F22034C239163E200C11F47 /* AppleMusicError.swift */; };
		9F220364239163E200C11F47 /* SearchResults.swift in Sources */ = {isa = PBXBuildFile; fileRef = 9F22034D239163E200C11F47 /* SearchResults.swift */; };
		9F22036A239163FE00C11F47 /* HTTPMethod.swift in Sources */ = {isa = PBXBuildFile; fileRef = 9F220366239163FE00C11F47 /* HTTPMethod.swift */; };
		9F22036B239163FE00C11F47 /* RoutingConstants.swift in Sources */ = {isa = PBXBuildFile; fileRef = 9F220367239163FE00C11F47 /* RoutingConstants.swift */; };
		9F22036C239163FE00C11F47 /* HTTPConstants.swift in Sources */ = {isa = PBXBuildFile; fileRef = 9F220368239163FE00C11F47 /* HTTPConstants.swift */; };
		9F22036D239163FE00C11F47 /* AntiochProtocols.swift in Sources */ = {isa = PBXBuildFile; fileRef = 9F220369239163FE00C11F47 /* AntiochProtocols.swift */; };
		9F2203742391641600C11F47 /* AppleMusicRatingRouter.swift in Sources */ = {isa = PBXBuildFile; fileRef = 9F22036F2391641600C11F47 /* AppleMusicRatingRouter.swift */; };
		9F2203752391641600C11F47 /* AppleMusicUserHistoryRouter.swift in Sources */ = {isa = PBXBuildFile; fileRef = 9F2203702391641600C11F47 /* AppleMusicUserHistoryRouter.swift */; };
		9F2203762391641600C11F47 /* AppleMusicCatalogRouter.swift in Sources */ = {isa = PBXBuildFile; fileRef = 9F2203712391641600C11F47 /* AppleMusicCatalogRouter.swift */; };
		9F2203772391641600C11F47 /* AppleMusicSearchRouter.swift in Sources */ = {isa = PBXBuildFile; fileRef = 9F2203722391641600C11F47 /* AppleMusicSearchRouter.swift */; };
		9F2203782391641600C11F47 /* AppleMusicLibraryRouter.swift in Sources */ = {isa = PBXBuildFile; fileRef = 9F2203732391641600C11F47 /* AppleMusicLibraryRouter.swift */; };
		9F22037F2391642E00C11F47 /* Antioch-Catalog.swift in Sources */ = {isa = PBXBuildFile; fileRef = 9F22037A2391642D00C11F47 /* Antioch-Catalog.swift */; };
		9F2203802391642E00C11F47 /* Antioch-History.swift in Sources */ = {isa = PBXBuildFile; fileRef = 9F22037B2391642D00C11F47 /* Antioch-History.swift */; };
		9F2203812391642E00C11F47 /* Antioch-Library.swift in Sources */ = {isa = PBXBuildFile; fileRef = 9F22037C2391642D00C11F47 /* Antioch-Library.swift */; };
		9F2203822391642E00C11F47 /* Antioch-Ratings.swift in Sources */ = {isa = PBXBuildFile; fileRef = 9F22037D2391642D00C11F47 /* Antioch-Ratings.swift */; };
		9F2203832391642E00C11F47 /* Antioch-Search.swift in Sources */ = {isa = PBXBuildFile; fileRef = 9F22037E2391642E00C11F47 /* Antioch-Search.swift */; };
		9F2203872391643F00C11F47 /* Antioch.swift in Sources */ = {isa = PBXBuildFile; fileRef = 9F2203852391643F00C11F47 /* Antioch.swift */; };
		9F2203882391643F00C11F47 /* AntiochRequest.swift in Sources */ = {isa = PBXBuildFile; fileRef = 9F2203862391643F00C11F47 /* AntiochRequest.swift */; };
		9F305B1F23990C0500ADE6A4 /* AppleMusicGenre.swift in Sources */ = {isa = PBXBuildFile; fileRef = 9F305B1E23990C0500ADE6A4 /* AppleMusicGenre.swift */; };
/* End PBXBuildFile section */

/* Begin PBXFileReference section */
		9F2203152391633B00C11F47 /* Antioch.framework */ = {isa = PBXFileReference; explicitFileType = wrapper.framework; includeInIndex = 0; path = Antioch.framework; sourceTree = BUILT_PRODUCTS_DIR; };
		9F2203182391633B00C11F47 /* Antioch.h */ = {isa = PBXFileReference; lastKnownFileType = sourcecode.c.h; path = Antioch.h; sourceTree = "<group>"; };
		9F2203192391633B00C11F47 /* Info.plist */ = {isa = PBXFileReference; lastKnownFileType = text.plist.xml; path = Info.plist; sourceTree = "<group>"; };
		9F220337239163E200C11F47 /* EditorialNotes.swift */ = {isa = PBXFileReference; fileEncoding = 4; lastKnownFileType = sourcecode.swift; path = EditorialNotes.swift; sourceTree = "<group>"; };
		9F220338239163E200C11F47 /* Rating.swift */ = {isa = PBXFileReference; fileEncoding = 4; lastKnownFileType = sourcecode.swift; path = Rating.swift; sourceTree = "<group>"; };
		9F220339239163E200C11F47 /* LibrarySong.swift */ = {isa = PBXFileReference; fileEncoding = 4; lastKnownFileType = sourcecode.swift; path = LibrarySong.swift; sourceTree = "<group>"; };
		9F22033A239163E200C11F47 /* CatalogArtist.swift */ = {isa = PBXFileReference; fileEncoding = 4; lastKnownFileType = sourcecode.swift; path = CatalogArtist.swift; sourceTree = "<group>"; };
		9F22033B239163E200C11F47 /* LibraryPlaylist.swift */ = {isa = PBXFileReference; fileEncoding = 4; lastKnownFileType = sourcecode.swift; path = LibraryPlaylist.swift; sourceTree = "<group>"; };
		9F22033C239163E200C11F47 /* PlayParameters.swift */ = {isa = PBXFileReference; fileEncoding = 4; lastKnownFileType = sourcecode.swift; path = PlayParameters.swift; sourceTree = "<group>"; };
		9F22033D239163E200C11F47 /* RadioStation.swift */ = {isa = PBXFileReference; fileEncoding = 4; lastKnownFileType = sourcecode.swift; path = RadioStation.swift; sourceTree = "<group>"; };
		9F22033E239163E200C11F47 /* Chart.swift */ = {isa = PBXFileReference; fileEncoding = 4; lastKnownFileType = sourcecode.swift; path = Chart.swift; sourceTree = "<group>"; };
		9F22033F239163E200C11F47 /* CatalogAlbum.swift */ = {isa = PBXFileReference; fileEncoding = 4; lastKnownFileType = sourcecode.swift; path = CatalogAlbum.swift; sourceTree = "<group>"; };
		9F220340239163E200C11F47 /* ResponseRoot.swift */ = {isa = PBXFileReference; fileEncoding = 4; lastKnownFileType = sourcecode.swift; path = ResponseRoot.swift; sourceTree = "<group>"; };
		9F220341239163E200C11F47 /* Resource.swift */ = {isa = PBXFileReference; fileEncoding = 4; lastKnownFileType = sourcecode.swift; path = Resource.swift; sourceTree = "<group>"; };
		9F220342239163E200C11F47 /* AppleMusicItemType.swift */ = {isa = PBXFileReference; fileEncoding = 4; lastKnownFileType = sourcecode.swift; path = AppleMusicItemType.swift; sourceTree = "<group>"; };
		9F220343239163E200C11F47 /* CatalogPlaylist.swift */ = {isa = PBXFileReference; fileEncoding = 4; lastKnownFileType = sourcecode.swift; path = CatalogPlaylist.swift; sourceTree = "<group>"; };
		9F220344239163E200C11F47 /* Recommendation.swift */ = {isa = PBXFileReference; fileEncoding = 4; lastKnownFileType = sourcecode.swift; path = Recommendation.swift; sourceTree = "<group>"; };
		9F220345239163E200C11F47 /* Artwork.swift */ = {isa = PBXFileReference; fileEncoding = 4; lastKnownFileType = sourcecode.swift; path = Artwork.swift; sourceTree = "<group>"; };
		9F220346239163E200C11F47 /* CatalogSong.swift */ = {isa = PBXFileReference; fileEncoding = 4; lastKnownFileType = sourcecode.swift; path = CatalogSong.swift; sourceTree = "<group>"; };
		9F220347239163E200C11F47 /* Curator.swift */ = {isa = PBXFileReference; fileEncoding = 4; lastKnownFileType = sourcecode.swift; path = Curator.swift; sourceTree = "<group>"; };
		9F220348239163E200C11F47 /* SearchHints.swift */ = {isa = PBXFileReference; fileEncoding = 4; lastKnownFileType = sourcecode.swift; path = SearchHints.swift; sourceTree = "<group>"; };
		9F220349239163E200C11F47 /* LibraryAlbum.swift */ = {isa = PBXFileReference; fileEncoding = 4; lastKnownFileType = sourcecode.swift; path = LibraryAlbum.swift; sourceTree = "<group>"; };
		9F22034A239163E200C11F47 /* LibraryArtist.swift */ = {isa = PBXFileReference; fileEncoding = 4; lastKnownFileType = sourcecode.swift; path = LibraryArtist.swift; sourceTree = "<group>"; };
		9F22034B239163E200C11F47 /* Relationship.swift */ = {isa = PBXFileReference; fileEncoding = 4; lastKnownFileType = sourcecode.swift; path = Relationship.swift; sourceTree = "<group>"; };
		9F22034C239163E200C11F47 /* AppleMusicError.swift */ = {isa = PBXFileReference; fileEncoding = 4; lastKnownFileType = sourcecode.swift; path = AppleMusicError.swift; sourceTree = "<group>"; };
		9F22034D239163E200C11F47 /* SearchResults.swift */ = {isa = PBXFileReference; fileEncoding = 4; lastKnownFileType = sourcecode.swift; path = SearchResults.swift; sourceTree = "<group>"; };
		9F220366239163FE00C11F47 /* HTTPMethod.swift */ = {isa = PBXFileReference; fileEncoding = 4; lastKnownFileType = sourcecode.swift; path = HTTPMethod.swift; sourceTree = "<group>"; };
		9F220367239163FE00C11F47 /* RoutingConstants.swift */ = {isa = PBXFileReference; fileEncoding = 4; lastKnownFileType = sourcecode.swift; path = RoutingConstants.swift; sourceTree = "<group>"; };
		9F220368239163FE00C11F47 /* HTTPConstants.swift */ = {isa = PBXFileReference; fileEncoding = 4; lastKnownFileType = sourcecode.swift; path = HTTPConstants.swift; sourceTree = "<group>"; };
		9F220369239163FE00C11F47 /* AntiochProtocols.swift */ = {isa = PBXFileReference; fileEncoding = 4; lastKnownFileType = sourcecode.swift; path = AntiochProtocols.swift; sourceTree = "<group>"; };
		9F22036F2391641600C11F47 /* AppleMusicRatingRouter.swift */ = {isa = PBXFileReference; fileEncoding = 4; lastKnownFileType = sourcecode.swift; path = AppleMusicRatingRouter.swift; sourceTree = "<group>"; };
		9F2203702391641600C11F47 /* AppleMusicUserHistoryRouter.swift */ = {isa = PBXFileReference; fileEncoding = 4; lastKnownFileType = sourcecode.swift; path = AppleMusicUserHistoryRouter.swift; sourceTree = "<group>"; };
		9F2203712391641600C11F47 /* AppleMusicCatalogRouter.swift */ = {isa = PBXFileReference; fileEncoding = 4; lastKnownFileType = sourcecode.swift; path = AppleMusicCatalogRouter.swift; sourceTree = "<group>"; };
		9F2203722391641600C11F47 /* AppleMusicSearchRouter.swift */ = {isa = PBXFileReference; fileEncoding = 4; lastKnownFileType = sourcecode.swift; path = AppleMusicSearchRouter.swift; sourceTree = "<group>"; };
		9F2203732391641600C11F47 /* AppleMusicLibraryRouter.swift */ = {isa = PBXFileReference; fileEncoding = 4; lastKnownFileType = sourcecode.swift; path = AppleMusicLibraryRouter.swift; sourceTree = "<group>"; };
		9F22037A2391642D00C11F47 /* Antioch-Catalog.swift */ = {isa = PBXFileReference; fileEncoding = 4; lastKnownFileType = sourcecode.swift; path = "Antioch-Catalog.swift"; sourceTree = "<group>"; };
		9F22037B2391642D00C11F47 /* Antioch-History.swift */ = {isa = PBXFileReference; fileEncoding = 4; lastKnownFileType = sourcecode.swift; path = "Antioch-History.swift"; sourceTree = "<group>"; };
		9F22037C2391642D00C11F47 /* Antioch-Library.swift */ = {isa = PBXFileReference; fileEncoding = 4; lastKnownFileType = sourcecode.swift; path = "Antioch-Library.swift"; sourceTree = "<group>"; };
		9F22037D2391642D00C11F47 /* Antioch-Ratings.swift */ = {isa = PBXFileReference; fileEncoding = 4; lastKnownFileType = sourcecode.swift; path = "Antioch-Ratings.swift"; sourceTree = "<group>"; };
		9F22037E2391642E00C11F47 /* Antioch-Search.swift */ = {isa = PBXFileReference; fileEncoding = 4; lastKnownFileType = sourcecode.swift; path = "Antioch-Search.swift"; sourceTree = "<group>"; };
		9F2203852391643F00C11F47 /* Antioch.swift */ = {isa = PBXFileReference; fileEncoding = 4; lastKnownFileType = sourcecode.swift; path = Antioch.swift; sourceTree = "<group>"; };
		9F2203862391643F00C11F47 /* AntiochRequest.swift */ = {isa = PBXFileReference; fileEncoding = 4; lastKnownFileType = sourcecode.swift; path = AntiochRequest.swift; sourceTree = "<group>"; };
		9F305B1E23990C0500ADE6A4 /* AppleMusicGenre.swift */ = {isa = PBXFileReference; lastKnownFileType = sourcecode.swift; path = AppleMusicGenre.swift; sourceTree = "<group>"; };
/* End PBXFileReference section */

/* Begin PBXFrameworksBuildPhase section */
		9F2203122391633B00C11F47 /* Frameworks */ = {
			isa = PBXFrameworksBuildPhase;
			buildActionMask = 2147483647;
			files = (
			);
			runOnlyForDeploymentPostprocessing = 0;
		};
/* End PBXFrameworksBuildPhase section */

/* Begin PBXGroup section */
		9F22030B2391633B00C11F47 = {
			isa = PBXGroup;
			children = (
				9F2203172391633B00C11F47 /* Antioch */,
				9F2203162391633B00C11F47 /* Products */,
			);
			sourceTree = "<group>";
		};
		9F2203162391633B00C11F47 /* Products */ = {
			isa = PBXGroup;
			children = (
				9F2203152391633B00C11F47 /* Antioch.framework */,
			);
			name = Products;
			sourceTree = "<group>";
		};
		9F2203172391633B00C11F47 /* Antioch */ = {
			isa = PBXGroup;
			children = (
				9F2203852391643F00C11F47 /* Antioch.swift */,
				9F2203862391643F00C11F47 /* AntiochRequest.swift */,
				9F2203842391643100C11F47 /* Convenience */,
				9F2203792391641C00C11F47 /* Routers */,
				9F22036E2391640600C11F47 /* Utils */,
				9F220365239163E900C11F47 /* Models */,
				9F2203182391633B00C11F47 /* Antioch.h */,
				9F2203192391633B00C11F47 /* Info.plist */,
			);
			path = Antioch;
			sourceTree = "<group>";
		};
		9F220365239163E900C11F47 /* Models */ = {
			isa = PBXGroup;
			children = (
				9F220340239163E200C11F47 /* ResponseRoot.swift */,
				9F22034C239163E200C11F47 /* AppleMusicError.swift */,
				9F220342239163E200C11F47 /* AppleMusicItemType.swift */,
				9F220341239163E200C11F47 /* Resource.swift */,
				9F220345239163E200C11F47 /* Artwork.swift */,
				9F220337239163E200C11F47 /* EditorialNotes.swift */,
				9F220349239163E200C11F47 /* LibraryAlbum.swift */,
				9F22034A239163E200C11F47 /* LibraryArtist.swift */,
				9F22033B239163E200C11F47 /* LibraryPlaylist.swift */,
				9F220339239163E200C11F47 /* LibrarySong.swift */,
				9F22033C239163E200C11F47 /* PlayParameters.swift */,
				9F22034B239163E200C11F47 /* Relationship.swift */,
				9F220346239163E200C11F47 /* CatalogSong.swift */,
				9F22033F239163E200C11F47 /* CatalogAlbum.swift */,
				9F22033A239163E200C11F47 /* CatalogArtist.swift */,
				9F220343239163E200C11F47 /* CatalogPlaylist.swift */,
				9F22033D239163E200C11F47 /* RadioStation.swift */,
				9F220338239163E200C11F47 /* Rating.swift */,
				9F220347239163E200C11F47 /* Curator.swift */,
				9F220344239163E200C11F47 /* Recommendation.swift */,
				9F22033E239163E200C11F47 /* Chart.swift */,
				9F22034D239163E200C11F47 /* SearchResults.swift */,
				9F220348239163E200C11F47 /* SearchHints.swift */,
				9F305B1E23990C0500ADE6A4 /* AppleMusicGenre.swift */,
			);
			path = Models;
			sourceTree = "<group>";
		};
		9F22036E2391640600C11F47 /* Utils */ = {
			isa = PBXGroup;
			children = (
				9F220369239163FE00C11F47 /* AntiochProtocols.swift */,
				9F220368239163FE00C11F47 /* HTTPConstants.swift */,
				9F220366239163FE00C11F47 /* HTTPMethod.swift */,
				9F220367239163FE00C11F47 /* RoutingConstants.swift */,
			);
			path = Utils;
			sourceTree = "<group>";
		};
		9F2203792391641C00C11F47 /* Routers */ = {
			isa = PBXGroup;
			children = (
				9F2203712391641600C11F47 /* AppleMusicCatalogRouter.swift */,
				9F2203732391641600C11F47 /* AppleMusicLibraryRouter.swift */,
				9F22036F2391641600C11F47 /* AppleMusicRatingRouter.swift */,
				9F2203722391641600C11F47 /* AppleMusicSearchRouter.swift */,
				9F2203702391641600C11F47 /* AppleMusicUserHistoryRouter.swift */,
			);
			path = Routers;
			sourceTree = "<group>";
		};
		9F2203842391643100C11F47 /* Convenience */ = {
			isa = PBXGroup;
			children = (
				9F22037B2391642D00C11F47 /* Antioch-History.swift */,
				9F22037A2391642D00C11F47 /* Antioch-Catalog.swift */,
				9F22037C2391642D00C11F47 /* Antioch-Library.swift */,
				9F22037D2391642D00C11F47 /* Antioch-Ratings.swift */,
				9F22037E2391642E00C11F47 /* Antioch-Search.swift */,
			);
			path = Convenience;
			sourceTree = "<group>";
		};
/* End PBXGroup section */

/* Begin PBXHeadersBuildPhase section */
		9F2203102391633B00C11F47 /* Headers */ = {
			isa = PBXHeadersBuildPhase;
			buildActionMask = 2147483647;
			files = (
				9F22031A2391633B00C11F47 /* Antioch.h in Headers */,
			);
			runOnlyForDeploymentPostprocessing = 0;
		};
/* End PBXHeadersBuildPhase section */

/* Begin PBXNativeTarget section */
		9F2203142391633B00C11F47 /* Antioch */ = {
			isa = PBXNativeTarget;
			buildConfigurationList = 9F22031D2391633B00C11F47 /* Build configuration list for PBXNativeTarget "Antioch" */;
			buildPhases = (
				9F2203102391633B00C11F47 /* Headers */,
				9F2203112391633B00C11F47 /* Sources */,
				9F2203122391633B00C11F47 /* Frameworks */,
				9F2203132391633B00C11F47 /* Resources */,
			);
			buildRules = (
			);
			dependencies = (
			);
			name = Antioch;
			productName = Antioch;
			productReference = 9F2203152391633B00C11F47 /* Antioch.framework */;
			productType = "com.apple.product-type.framework";
		};
/* End PBXNativeTarget section */

/* Begin PBXProject section */
		9F22030C2391633B00C11F47 /* Project object */ = {
			isa = PBXProject;
			attributes = {
				LastUpgradeCheck = 1110;
				ORGANIZATIONNAME = "Stephen Bodnar";
				TargetAttributes = {
					9F2203142391633B00C11F47 = {
						CreatedOnToolsVersion = 11.1;
						LastSwiftMigration = 1110;
					};
				};
			};
			buildConfigurationList = 9F22030F2391633B00C11F47 /* Build configuration list for PBXProject "Antioch" */;
			compatibilityVersion = "Xcode 9.3";
			developmentRegion = en;
			hasScannedForEncodings = 0;
			knownRegions = (
				en,
				Base,
			);
			mainGroup = 9F22030B2391633B00C11F47;
			productRefGroup = 9F2203162391633B00C11F47 /* Products */;
			projectDirPath = "";
			projectRoot = "";
			targets = (
				9F2203142391633B00C11F47 /* Antioch */,
			);
		};
/* End PBXProject section */

/* Begin PBXResourcesBuildPhase section */
		9F2203132391633B00C11F47 /* Resources */ = {
			isa = PBXResourcesBuildPhase;
			buildActionMask = 2147483647;
			files = (
			);
			runOnlyForDeploymentPostprocessing = 0;
		};
/* End PBXResourcesBuildPhase section */

/* Begin PBXSourcesBuildPhase section */
		9F2203112391633B00C11F47 /* Sources */ = {
			isa = PBXSourcesBuildPhase;
			buildActionMask = 2147483647;
			files = (
				9F22035E239163E200C11F47 /* Curator.swift in Sources */,
				9F2203882391643F00C11F47 /* AntiochRequest.swift in Sources */,
				9F2203782391641600C11F47 /* AppleMusicLibraryRouter.swift in Sources */,
				9F22036C239163FE00C11F47 /* HTTPConstants.swift in Sources */,
				9F2203822391642E00C11F47 /* Antioch-Ratings.swift in Sources */,
				9F220355239163E200C11F47 /* Chart.swift in Sources */,
				9F2203812391642E00C11F47 /* Antioch-Library.swift in Sources */,
				9F2203872391643F00C11F47 /* Antioch.swift in Sources */,
				9F220351239163E200C11F47 /* CatalogArtist.swift in Sources */,
				9F220357239163E200C11F47 /* ResponseRoot.swift in Sources */,
				9F22037F2391642E00C11F47 /* Antioch-Catalog.swift in Sources */,
				9F220358239163E200C11F47 /* Resource.swift in Sources */,
				9F220354239163E200C11F47 /* RadioStation.swift in Sources */,
				9F22035A239163E200C11F47 /* CatalogPlaylist.swift in Sources */,
				9F220352239163E200C11F47 /* LibraryPlaylist.swift in Sources */,
				9F2203802391642E00C11F47 /* Antioch-History.swift in Sources */,
				9F220356239163E200C11F47 /* CatalogAlbum.swift in Sources */,
				9F220359239163E200C11F47 /* AppleMusicItemType.swift in Sources */,
				9F220364239163E200C11F47 /* SearchResults.swift in Sources */,
				9F220361239163E200C11F47 /* LibraryArtist.swift in Sources */,
				9F305B1F23990C0500ADE6A4 /* AppleMusicGenre.swift in Sources */,
				9F220363239163E200C11F47 /* AppleMusicError.swift in Sources */,
				9F22034F239163E200C11F47 /* Rating.swift in Sources */,
				9F22035C239163E200C11F47 /* Artwork.swift in Sources */,
				9F2203742391641600C11F47 /* AppleMusicRatingRouter.swift in Sources */,
				9F2203832391642E00C11F47 /* Antioch-Search.swift in Sources */,
				9F22036D239163FE00C11F47 /* AntiochProtocols.swift in Sources */,
				9F220350239163E200C11F47 /* LibrarySong.swift in Sources */,
				9F2203762391641600C11F47 /* AppleMusicCatalogRouter.swift in Sources */,
				9F22034E239163E200C11F47 /* EditorialNotes.swift in Sources */,
				9F2203772391641600C11F47 /* AppleMusicSearchRouter.swift in Sources */,
				9F22035F239163E200C11F47 /* SearchHints.swift in Sources */,
				9F220362239163E200C11F47 /* Relationship.swift in Sources */,
				9F220360239163E200C11F47 /* LibraryAlbum.swift in Sources */,
				9F22036A239163FE00C11F47 /* HTTPMethod.swift in Sources */,
				9F2203752391641600C11F47 /* AppleMusicUserHistoryRouter.swift in Sources */,
				9F22035B239163E200C11F47 /* Recommendation.swift in Sources */,
				9F22035D239163E200C11F47 /* CatalogSong.swift in Sources */,
				9F220353239163E200C11F47 /* PlayParameters.swift in Sources */,
				9F22036B239163FE00C11F47 /* RoutingConstants.swift in Sources */,
			);
			runOnlyForDeploymentPostprocessing = 0;
		};
/* End PBXSourcesBuildPhase section */

/* Begin XCBuildConfiguration section */
		9F22031B2391633B00C11F47 /* Debug */ = {
			isa = XCBuildConfiguration;
			buildSettings = {
				ALWAYS_SEARCH_USER_PATHS = NO;
				CLANG_ANALYZER_NONNULL = YES;
				CLANG_ANALYZER_NUMBER_OBJECT_CONVERSION = YES_AGGRESSIVE;
				CLANG_CXX_LANGUAGE_STANDARD = "gnu++14";
				CLANG_CXX_LIBRARY = "libc++";
				CLANG_ENABLE_MODULES = YES;
				CLANG_ENABLE_OBJC_ARC = YES;
				CLANG_ENABLE_OBJC_WEAK = YES;
				CLANG_WARN_BLOCK_CAPTURE_AUTORELEASING = YES;
				CLANG_WARN_BOOL_CONVERSION = YES;
				CLANG_WARN_COMMA = YES;
				CLANG_WARN_CONSTANT_CONVERSION = YES;
				CLANG_WARN_DEPRECATED_OBJC_IMPLEMENTATIONS = YES;
				CLANG_WARN_DIRECT_OBJC_ISA_USAGE = YES_ERROR;
				CLANG_WARN_DOCUMENTATION_COMMENTS = YES;
				CLANG_WARN_EMPTY_BODY = YES;
				CLANG_WARN_ENUM_CONVERSION = YES;
				CLANG_WARN_INFINITE_RECURSION = YES;
				CLANG_WARN_INT_CONVERSION = YES;
				CLANG_WARN_NON_LITERAL_NULL_CONVERSION = YES;
				CLANG_WARN_OBJC_IMPLICIT_RETAIN_SELF = YES;
				CLANG_WARN_OBJC_LITERAL_CONVERSION = YES;
				CLANG_WARN_OBJC_ROOT_CLASS = YES_ERROR;
				CLANG_WARN_RANGE_LOOP_ANALYSIS = YES;
				CLANG_WARN_STRICT_PROTOTYPES = YES;
				CLANG_WARN_SUSPICIOUS_MOVE = YES;
				CLANG_WARN_UNGUARDED_AVAILABILITY = YES_AGGRESSIVE;
				CLANG_WARN_UNREACHABLE_CODE = YES;
				CLANG_WARN__DUPLICATE_METHOD_MATCH = YES;
				COPY_PHASE_STRIP = NO;
				CURRENT_PROJECT_VERSION = 1;
				DEBUG_INFORMATION_FORMAT = dwarf;
				ENABLE_STRICT_OBJC_MSGSEND = YES;
				ENABLE_TESTABILITY = YES;
				GCC_C_LANGUAGE_STANDARD = gnu11;
				GCC_DYNAMIC_NO_PIC = NO;
				GCC_NO_COMMON_BLOCKS = YES;
				GCC_OPTIMIZATION_LEVEL = 0;
				GCC_PREPROCESSOR_DEFINITIONS = (
					"DEBUG=1",
					"$(inherited)",
				);
				GCC_WARN_64_TO_32_BIT_CONVERSION = YES;
				GCC_WARN_ABOUT_RETURN_TYPE = YES_ERROR;
				GCC_WARN_UNDECLARED_SELECTOR = YES;
				GCC_WARN_UNINITIALIZED_AUTOS = YES_AGGRESSIVE;
				GCC_WARN_UNUSED_FUNCTION = YES;
				GCC_WARN_UNUSED_VARIABLE = YES;
				IPHONEOS_DEPLOYMENT_TARGET = 11.0;
				MTL_ENABLE_DEBUG_INFO = INCLUDE_SOURCE;
				MTL_FAST_MATH = YES;
				ONLY_ACTIVE_ARCH = YES;
				SDKROOT = iphoneos;
				SWIFT_ACTIVE_COMPILATION_CONDITIONS = DEBUG;
				SWIFT_OPTIMIZATION_LEVEL = "-Onone";
				VERSIONING_SYSTEM = "apple-generic";
				VERSION_INFO_PREFIX = "";
			};
			name = Debug;
		};
		9F22031C2391633B00C11F47 /* Release */ = {
			isa = XCBuildConfiguration;
			buildSettings = {
				ALWAYS_SEARCH_USER_PATHS = NO;
				CLANG_ANALYZER_NONNULL = YES;
				CLANG_ANALYZER_NUMBER_OBJECT_CONVERSION = YES_AGGRESSIVE;
				CLANG_CXX_LANGUAGE_STANDARD = "gnu++14";
				CLANG_CXX_LIBRARY = "libc++";
				CLANG_ENABLE_MODULES = YES;
				CLANG_ENABLE_OBJC_ARC = YES;
				CLANG_ENABLE_OBJC_WEAK = YES;
				CLANG_WARN_BLOCK_CAPTURE_AUTORELEASING = YES;
				CLANG_WARN_BOOL_CONVERSION = YES;
				CLANG_WARN_COMMA = YES;
				CLANG_WARN_CONSTANT_CONVERSION = YES;
				CLANG_WARN_DEPRECATED_OBJC_IMPLEMENTATIONS = YES;
				CLANG_WARN_DIRECT_OBJC_ISA_USAGE = YES_ERROR;
				CLANG_WARN_DOCUMENTATION_COMMENTS = YES;
				CLANG_WARN_EMPTY_BODY = YES;
				CLANG_WARN_ENUM_CONVERSION = YES;
				CLANG_WARN_INFINITE_RECURSION = YES;
				CLANG_WARN_INT_CONVERSION = YES;
				CLANG_WARN_NON_LITERAL_NULL_CONVERSION = YES;
				CLANG_WARN_OBJC_IMPLICIT_RETAIN_SELF = YES;
				CLANG_WARN_OBJC_LITERAL_CONVERSION = YES;
				CLANG_WARN_OBJC_ROOT_CLASS = YES_ERROR;
				CLANG_WARN_RANGE_LOOP_ANALYSIS = YES;
				CLANG_WARN_STRICT_PROTOTYPES = YES;
				CLANG_WARN_SUSPICIOUS_MOVE = YES;
				CLANG_WARN_UNGUARDED_AVAILABILITY = YES_AGGRESSIVE;
				CLANG_WARN_UNREACHABLE_CODE = YES;
				CLANG_WARN__DUPLICATE_METHOD_MATCH = YES;
				COPY_PHASE_STRIP = NO;
				CURRENT_PROJECT_VERSION = 1;
				DEBUG_INFORMATION_FORMAT = "dwarf-with-dsym";
				ENABLE_NS_ASSERTIONS = NO;
				ENABLE_STRICT_OBJC_MSGSEND = YES;
				GCC_C_LANGUAGE_STANDARD = gnu11;
				GCC_NO_COMMON_BLOCKS = YES;
				GCC_WARN_64_TO_32_BIT_CONVERSION = YES;
				GCC_WARN_ABOUT_RETURN_TYPE = YES_ERROR;
				GCC_WARN_UNDECLARED_SELECTOR = YES;
				GCC_WARN_UNINITIALIZED_AUTOS = YES_AGGRESSIVE;
				GCC_WARN_UNUSED_FUNCTION = YES;
				GCC_WARN_UNUSED_VARIABLE = YES;
				IPHONEOS_DEPLOYMENT_TARGET = 11.0;
				MTL_ENABLE_DEBUG_INFO = NO;
				MTL_FAST_MATH = YES;
				SDKROOT = iphoneos;
				SWIFT_COMPILATION_MODE = wholemodule;
				SWIFT_OPTIMIZATION_LEVEL = "-O";
				VALIDATE_PRODUCT = YES;
				VERSIONING_SYSTEM = "apple-generic";
				VERSION_INFO_PREFIX = "";
			};
			name = Release;
		};
		9F22031E2391633B00C11F47 /* Debug */ = {
			isa = XCBuildConfiguration;
			buildSettings = {
				CLANG_ENABLE_MODULES = YES;
				CODE_SIGN_STYLE = Manual;
				DEFINES_MODULE = YES;
				DEVELOPMENT_TEAM = "";
				DYLIB_COMPATIBILITY_VERSION = 1;
				DYLIB_CURRENT_VERSION = 1;
				DYLIB_INSTALL_NAME_BASE = "@rpath";
				INFOPLIST_FILE = Antioch/Info.plist;
				INSTALL_PATH = "$(LOCAL_LIBRARY_DIR)/Frameworks";
				LD_RUNPATH_SEARCH_PATHS = (
					"$(inherited)",
					"@executable_path/Frameworks",
					"@loader_path/Frameworks",
				);
				PRODUCT_BUNDLE_IDENTIFIER = stephenbodnar.Antioch;
				PRODUCT_NAME = "$(TARGET_NAME:c99extidentifier)";
				PROVISIONING_PROFILE_SPECIFIER = "";
				SDKROOT = macosx;
				SKIP_INSTALL = YES;
				SUPPORTED_PLATFORMS = "macosx ios";
				SUPPORTS_MACCATALYST = YES;
				SWIFT_OPTIMIZATION_LEVEL = "-Onone";
				SWIFT_VERSION = 5.0;
				TARGETED_DEVICE_FAMILY = "1,2";
				VALID_ARCHS = "arm64 arm64e armv7 armv7s x86_64";
			};
			name = Debug;
		};
		9F22031F2391633B00C11F47 /* Release */ = {
			isa = XCBuildConfiguration;
			buildSettings = {
				CLANG_ENABLE_MODULES = YES;
				CODE_SIGN_STYLE = Manual;
				DEFINES_MODULE = YES;
				DEVELOPMENT_TEAM = "";
				DYLIB_COMPATIBILITY_VERSION = 1;
				DYLIB_CURRENT_VERSION = 1;
				DYLIB_INSTALL_NAME_BASE = "@rpath";
				INFOPLIST_FILE = Antioch/Info.plist;
				INSTALL_PATH = "$(LOCAL_LIBRARY_DIR)/Frameworks";
				LD_RUNPATH_SEARCH_PATHS = (
					"$(inherited)",
					"@executable_path/Frameworks",
					"@loader_path/Frameworks",
				);
				PRODUCT_BUNDLE_IDENTIFIER = stephenbodnar.Antioch;
				PRODUCT_NAME = "$(TARGET_NAME:c99extidentifier)";
				PROVISIONING_PROFILE_SPECIFIER = "";
				SDKROOT = macosx;
				SKIP_INSTALL = YES;
				SUPPORTED_PLATFORMS = "macosx ios";
				SUPPORTS_MACCATALYST = YES;
				SWIFT_VERSION = 5.0;
				TARGETED_DEVICE_FAMILY = "1,2";
				VALID_ARCHS = "arm64 arm64e armv7 armv7s x86_64";
			};
			name = Release;
		};
/* End XCBuildConfiguration section */

/* Begin XCConfigurationList section */
		9F22030F2391633B00C11F47 /* Build configuration list for PBXProject "Antioch" */ = {
			isa = XCConfigurationList;
			buildConfigurations = (
				9F22031B2391633B00C11F47 /* Debug */,
				9F22031C2391633B00C11F47 /* Release */,
			);
			defaultConfigurationIsVisible = 0;
			defaultConfigurationName = Release;
		};
		9F22031D2391633B00C11F47 /* Build configuration list for PBXNativeTarget "Antioch" */ = {
			isa = XCConfigurationList;
			buildConfigurations = (
				9F22031E2391633B00C11F47 /* Debug */,
				9F22031F2391633B00C11F47 /* Release */,
			);
			defaultConfigurationIsVisible = 0;
			defaultConfigurationName = Release;
		};
/* End XCConfigurationList section */
	};
	rootObject = 9F22030C2391633B00C11F47 /* Project object */;
}
